
Microsoft Visual Studio Solution File, Format Version 12.00
# Visual Studio Version 16
VisualStudioVersion = 16.0.29728.190
MinimumVisualStudioVersion = 10.0.40219.1
Project("{FAE04EC0-301F-11D3-BF4B-00C04F79EFBC}") = "smartFridge_v02", "smartFridge_v02\smartFridge_v02.csproj", "{4088DD38-3239-415D-870E-B61C3B0EBAB5}"
EndProject
Global
	GlobalSection(SolutionConfigurationPlatforms) = preSolution
		Debug|Any CPU = Debug|Any CPU
		Release|Any CPU = Release|Any CPU
	EndGlobalSection
	GlobalSection(ProjectConfigurationPlatforms) = postSolution
		{4088DD38-3239-415D-870E-B61C3B0EBAB5}.Debug|Any CPU.ActiveCfg = Debug|Any CPU
		{4088DD38-3239-415D-870E-B61C3B0EBAB5}.Debug|Any CPU.Build.0 = Debug|Any CPU
		{4088DD38-3239-415D-870E-B61C3B0EBAB5}.Release|Any CPU.ActiveCfg = Release|Any CPU
		{4088DD38-3239-415D-870E-B61C3B0EBAB5}.Release|Any CPU.Build.0 = Release|Any CPU
	EndGlobalSection
	GlobalSection(SolutionProperties) = preSolution
		HideSolutionNode = FALSE
	EndGlobalSection
	GlobalSection(ExtensibilityGlobals) = postSolution
		SolutionGuid = {405B832E-AE91-4C57-8516-6734C22FF18E}
	EndGlobalSection
EndGlobal
